
Microsoft Visual Studio Solution File, Format Version 12.00
# Visual Studio Version 17
VisualStudioVersion = 17.1.32228.430
MinimumVisualStudioVersion = 10.0.40219.1
Project("{2150E333-8FDC-42A3-9474-1A3956D46DE8}") = "Solution Items", "Solution Items", "{720E8FE0-894B-40A7-8749-41AD729CE75C}"
	ProjectSection(SolutionItems) = preProject
		.editorconfig = .editorconfig
		build.csx = build.csx
		lib.csx = lib.csx
		README.source.md = README.source.md
	EndProjectSection
EndProject
Project("{2150E333-8FDC-42A3-9474-1A3956D46DE8}") = "Source", "Source", "{CFB644F0-2666-4C46-AAE5-FA3FD1AA4BCE}"
EndProject
Project("{9A19103F-16F7-4668-BE54-9A1E7A4F7556}") = "StringSyntax", "StringSyntax\StringSyntax.csproj", "{7F104026-9A37-4D88-A48E-A25292BA0906}"
EndProject
Global
	GlobalSection(SolutionConfigurationPlatforms) = preSolution
		Debug|Any CPU = Debug|Any CPU
		Release|Any CPU = Release|Any CPU
	EndGlobalSection
	GlobalSection(ProjectConfigurationPlatforms) = postSolution
		{7F104026-9A37-4D88-A48E-A25292BA0906}.Debug|Any CPU.ActiveCfg = Debug|Any CPU
		{7F104026-9A37-4D88-A48E-A25292BA0906}.Debug|Any CPU.Build.0 = Debug|Any CPU
		{7F104026-9A37-4D88-A48E-A25292BA0906}.Release|Any CPU.ActiveCfg = Release|Any CPU
		{7F104026-9A37-4D88-A48E-A25292BA0906}.Release|Any CPU.Build.0 = Release|Any CPU
	EndGlobalSection
	GlobalSection(SolutionProperties) = preSolution
		HideSolutionNode = FALSE
	EndGlobalSection
	GlobalSection(NestedProjects) = preSolution
		{7F104026-9A37-4D88-A48E-A25292BA0906} = {CFB644F0-2666-4C46-AAE5-FA3FD1AA4BCE}
	EndGlobalSection
	GlobalSection(ExtensibilityGlobals) = postSolution
		SolutionGuid = {E569673F-9964-4086-832A-A3418468D574}
	EndGlobalSection
EndGlobal
